// !$*UTF8*$!
{
	archiveVersion = 1;
	classes = {
	};
	objectVersion = 56;
	objects = {

/* Begin PBXBuildFile section */
		5421A85E291C556700709D9B /* GalleryViewController.swift in Sources */ = {isa = PBXBuildFile; fileRef = 5421A85D291C556700709D9B /* GalleryViewController.swift */; };
		5421A862291C626900709D9B /* MediaViewCell.swift in Sources */ = {isa = PBXBuildFile; fileRef = 5421A861291C626900709D9B /* MediaViewCell.swift */; };
		544ED637291AFE6A00A695CF /* AppDelegate.swift in Sources */ = {isa = PBXBuildFile; fileRef = 544ED636291AFE6A00A695CF /* AppDelegate.swift */; };
		544ED639291AFE6A00A695CF /* SceneDelegate.swift in Sources */ = {isa = PBXBuildFile; fileRef = 544ED638291AFE6A00A695CF /* SceneDelegate.swift */; };
		544ED63B291AFE6A00A695CF /* ViewController.swift in Sources */ = {isa = PBXBuildFile; fileRef = 544ED63A291AFE6A00A695CF /* ViewController.swift */; };
		544ED63E291AFE6A00A695CF /* Main.storyboard in Resources */ = {isa = PBXBuildFile; fileRef = 544ED63C291AFE6A00A695CF /* Main.storyboard */; };
		544ED640291AFE6A00A695CF /* Assets.xcassets in Resources */ = {isa = PBXBuildFile; fileRef = 544ED63F291AFE6A00A695CF /* Assets.xcassets */; };
		544ED643291AFE6A00A695CF /* LaunchScreen.storyboard in Resources */ = {isa = PBXBuildFile; fileRef = 544ED641291AFE6A00A695CF /* LaunchScreen.storyboard */; };
		544ED64E291AFE6A00A695CF /* CameraAppTests.swift in Sources */ = {isa = PBXBuildFile; fileRef = 544ED64D291AFE6A00A695CF /* CameraAppTests.swift */; };
		544ED658291AFE6A00A695CF /* CameraAppUITests.swift in Sources */ = {isa = PBXBuildFile; fileRef = 544ED657291AFE6A00A695CF /* CameraAppUITests.swift */; };
		544ED65A291AFE6A00A695CF /* CameraAppUITestsLaunchTests.swift in Sources */ = {isa = PBXBuildFile; fileRef = 544ED659291AFE6A00A695CF /* CameraAppUITestsLaunchTests.swift */; };
		544ED668291B001B00A695CF /* Camera.swift in Sources */ = {isa = PBXBuildFile; fileRef = 544ED667291B001B00A695CF /* Camera.swift */; };
		5492C83B291C463900C64F7B /* PlayerViewController.swift in Sources */ = {isa = PBXBuildFile; fileRef = 5492C83A291C463900C64F7B /* PlayerViewController.swift */; };
/* End PBXBuildFile section */

/* Begin PBXContainerItemProxy section */
		544ED64A291AFE6A00A695CF /* PBXContainerItemProxy */ = {
			isa = PBXContainerItemProxy;
			containerPortal = 544ED62B291AFE6A00A695CF /* Project object */;
			proxyType = 1;
			remoteGlobalIDString = 544ED632291AFE6A00A695CF;
			remoteInfo = CameraApp;
		};
		544ED654291AFE6A00A695CF /* PBXContainerItemProxy */ = {
			isa = PBXContainerItemProxy;
			containerPortal = 544ED62B291AFE6A00A695CF /* Project object */;
			proxyType = 1;
			remoteGlobalIDString = 544ED632291AFE6A00A695CF;
			remoteInfo = CameraApp;
		};
/* End PBXContainerItemProxy section */

/* Begin PBXFileReference section */
		5421A85D291C556700709D9B /* GalleryViewController.swift */ = {isa = PBXFileReference; lastKnownFileType = sourcecode.swift; path = GalleryViewController.swift; sourceTree = "<group>"; };
		5421A861291C626900709D9B /* MediaViewCell.swift */ = {isa = PBXFileReference; lastKnownFileType = sourcecode.swift; path = MediaViewCell.swift; sourceTree = "<group>"; };
		544ED633291AFE6A00A695CF /* CameraApp.app */ = {isa = PBXFileReference; explicitFileType = wrapper.application; includeInIndex = 0; path = CameraApp.app; sourceTree = BUILT_PRODUCTS_DIR; };
		544ED636291AFE6A00A695CF /* AppDelegate.swift */ = {isa = PBXFileReference; lastKnownFileType = sourcecode.swift; path = AppDelegate.swift; sourceTree = "<group>"; };
		544ED638291AFE6A00A695CF /* SceneDelegate.swift */ = {isa = PBXFileReference; lastKnownFileType = sourcecode.swift; path = SceneDelegate.swift; sourceTree = "<group>"; };
		544ED63A291AFE6A00A695CF /* ViewController.swift */ = {isa = PBXFileReference; lastKnownFileType = sourcecode.swift; path = ViewController.swift; sourceTree = "<group>"; };
		544ED63D291AFE6A00A695CF /* Base */ = {isa = PBXFileReference; lastKnownFileType = file.storyboard; name = Base; path = Base.lproj/Main.storyboard; sourceTree = "<group>"; };
		544ED63F291AFE6A00A695CF /* Assets.xcassets */ = {isa = PBXFileReference; lastKnownFileType = folder.assetcatalog; path = Assets.xcassets; sourceTree = "<group>"; };
		544ED642291AFE6A00A695CF /* Base */ = {isa = PBXFileReference; lastKnownFileType = file.storyboard; name = Base; path = Base.lproj/LaunchScreen.storyboard; sourceTree = "<group>"; };
		544ED644291AFE6A00A695CF /* Info.plist */ = {isa = PBXFileReference; lastKnownFileType = text.plist.xml; path = Info.plist; sourceTree = "<group>"; };
		544ED649291AFE6A00A695CF /* CameraAppTests.xctest */ = {isa = PBXFileReference; explicitFileType = wrapper.cfbundle; includeInIndex = 0; path = CameraAppTests.xctest; sourceTree = BUILT_PRODUCTS_DIR; };
		544ED64D291AFE6A00A695CF /* CameraAppTests.swift */ = {isa = PBXFileReference; lastKnownFileType = sourcecode.swift; path = CameraAppTests.swift; sourceTree = "<group>"; };
		544ED653291AFE6A00A695CF /* CameraAppUITests.xctest */ = {isa = PBXFileReference; explicitFileType = wrapper.cfbundle; includeInIndex = 0; path = CameraAppUITests.xctest; sourceTree = BUILT_PRODUCTS_DIR; };
		544ED657291AFE6A00A695CF /* CameraAppUITests.swift */ = {isa = PBXFileReference; lastKnownFileType = sourcecode.swift; path = CameraAppUITests.swift; sourceTree = "<group>"; };
		544ED659291AFE6A00A695CF /* CameraAppUITestsLaunchTests.swift */ = {isa = PBXFileReference; lastKnownFileType = sourcecode.swift; path = CameraAppUITestsLaunchTests.swift; sourceTree = "<group>"; };
		544ED667291B001B00A695CF /* Camera.swift */ = {isa = PBXFileReference; lastKnownFileType = sourcecode.swift; path = Camera.swift; sourceTree = "<group>"; };
		5492C83A291C463900C64F7B /* PlayerViewController.swift */ = {isa = PBXFileReference; lastKnownFileType = sourcecode.swift; path = PlayerViewController.swift; sourceTree = "<group>"; };
/* End PBXFileReference section */

/* Begin PBXFrameworksBuildPhase section */
		544ED630291AFE6A00A695CF /* Frameworks */ = {
			isa = PBXFrameworksBuildPhase;
			buildActionMask = 2147483647;
			files = (
			);
			runOnlyForDeploymentPostprocessing = 0;
		};
		544ED646291AFE6A00A695CF /* Frameworks */ = {
			isa = PBXFrameworksBuildPhase;
			buildActionMask = 2147483647;
			files = (
			);
			runOnlyForDeploymentPostprocessing = 0;
		};
		544ED650291AFE6A00A695CF /* Frameworks */ = {
			isa = PBXFrameworksBuildPhase;
			buildActionMask = 2147483647;
			files = (
			);
			runOnlyForDeploymentPostprocessing = 0;
		};
/* End PBXFrameworksBuildPhase section */

/* Begin PBXGroup section */
		5421A85F291C558400709D9B /* Controllers */ = {
			isa = PBXGroup;
			children = (
				544ED63A291AFE6A00A695CF /* ViewController.swift */,
				5421A85D291C556700709D9B /* GalleryViewController.swift */,
				5492C83A291C463900C64F7B /* PlayerViewController.swift */,
				5421A861291C626900709D9B /* MediaViewCell.swift */,
			);
			path = Controllers;
			sourceTree = "<group>";
		};
		5421A860291C55A000709D9B /* other */ = {
			isa = PBXGroup;
			children = (
				544ED63F291AFE6A00A695CF /* Assets.xcassets */,
				544ED641291AFE6A00A695CF /* LaunchScreen.storyboard */,
			);
			path = other;
			sourceTree = "<group>";
		};
		544ED62A291AFE6A00A695CF = {
			isa = PBXGroup;
			children = (
				544ED635291AFE6A00A695CF /* CameraApp */,
				544ED64C291AFE6A00A695CF /* CameraAppTests */,
				544ED656291AFE6A00A695CF /* CameraAppUITests */,
				544ED634291AFE6A00A695CF /* Products */,
			);
			sourceTree = "<group>";
		};
		544ED634291AFE6A00A695CF /* Products */ = {
			isa = PBXGroup;
			children = (
				544ED633291AFE6A00A695CF /* CameraApp.app */,
				544ED649291AFE6A00A695CF /* CameraAppTests.xctest */,
				544ED653291AFE6A00A695CF /* CameraAppUITests.xctest */,
			);
			name = Products;
			sourceTree = "<group>";
		};
		544ED635291AFE6A00A695CF /* CameraApp */ = {
			isa = PBXGroup;
			children = (
				544ED644291AFE6A00A695CF /* Info.plist */,
				544ED667291B001B00A695CF /* Camera.swift */,
				544ED63C291AFE6A00A695CF /* Main.storyboard */,
				5421A85F291C558400709D9B /* Controllers */,
				544ED666291AFFFE00A695CF /* Delegates */,
			);
			path = CameraApp;
			sourceTree = "<group>";
		};
		544ED64C291AFE6A00A695CF /* CameraAppTests */ = {
			isa = PBXGroup;
			children = (
				544ED64D291AFE6A00A695CF /* CameraAppTests.swift */,
			);
			path = CameraAppTests;
			sourceTree = "<group>";
		};
		544ED656291AFE6A00A695CF /* CameraAppUITests */ = {
			isa = PBXGroup;
			children = (
				544ED657291AFE6A00A695CF /* CameraAppUITests.swift */,
				544ED659291AFE6A00A695CF /* CameraAppUITestsLaunchTests.swift */,
			);
			path = CameraAppUITests;
			sourceTree = "<group>";
		};
		544ED666291AFFFE00A695CF /* Delegates */ = {
			isa = PBXGroup;
			children = (
				544ED636291AFE6A00A695CF /* AppDelegate.swift */,
				544ED638291AFE6A00A695CF /* SceneDelegate.swift */,
				5421A860291C55A000709D9B /* other */,
			);
			path = Delegates;
			sourceTree = "<group>";
		};
/* End PBXGroup section */

/* Begin PBXNativeTarget section */
		544ED632291AFE6A00A695CF /* CameraApp */ = {
			isa = PBXNativeTarget;
			buildConfigurationList = 544ED65D291AFE6A00A695CF /* Build configuration list for PBXNativeTarget "CameraApp" */;
			buildPhases = (
				544ED62F291AFE6A00A695CF /* Sources */,
				544ED630291AFE6A00A695CF /* Frameworks */,
				544ED631291AFE6A00A695CF /* Resources */,
			);
			buildRules = (
			);
			dependencies = (
			);
			name = CameraApp;
			productName = CameraApp;
			productReference = 544ED633291AFE6A00A695CF /* CameraApp.app */;
			productType = "com.apple.product-type.application";
		};
		544ED648291AFE6A00A695CF /* CameraAppTests */ = {
			isa = PBXNativeTarget;
			buildConfigurationList = 544ED660291AFE6A00A695CF /* Build configuration list for PBXNativeTarget "CameraAppTests" */;
			buildPhases = (
				544ED645291AFE6A00A695CF /* Sources */,
				544ED646291AFE6A00A695CF /* Frameworks */,
				544ED647291AFE6A00A695CF /* Resources */,
			);
			buildRules = (
			);
			dependencies = (
				544ED64B291AFE6A00A695CF /* PBXTargetDependency */,
			);
			name = CameraAppTests;
			productName = CameraAppTests;
			productReference = 544ED649291AFE6A00A695CF /* CameraAppTests.xctest */;
			productType = "com.apple.product-type.bundle.unit-test";
		};
		544ED652291AFE6A00A695CF /* CameraAppUITests */ = {
			isa = PBXNativeTarget;
			buildConfigurationList = 544ED663291AFE6A00A695CF /* Build configuration list for PBXNativeTarget "CameraAppUITests" */;
			buildPhases = (
				544ED64F291AFE6A00A695CF /* Sources */,
				544ED650291AFE6A00A695CF /* Frameworks */,
				544ED651291AFE6A00A695CF /* Resources */,
			);
			buildRules = (
			);
			dependencies = (
				544ED655291AFE6A00A695CF /* PBXTargetDependency */,
			);
			name = CameraAppUITests;
			productName = CameraAppUITests;
			productReference = 544ED653291AFE6A00A695CF /* CameraAppUITests.xctest */;
			productType = "com.apple.product-type.bundle.ui-testing";
		};
/* End PBXNativeTarget section */

/* Begin PBXProject section */
		544ED62B291AFE6A00A695CF /* Project object */ = {
			isa = PBXProject;
			attributes = {
				BuildIndependentTargetsInParallel = 1;
				LastSwiftUpdateCheck = 1400;
				LastUpgradeCheck = 1400;
				TargetAttributes = {
					544ED632291AFE6A00A695CF = {
						CreatedOnToolsVersion = 14.0.1;
					};
					544ED648291AFE6A00A695CF = {
						CreatedOnToolsVersion = 14.0.1;
						TestTargetID = 544ED632291AFE6A00A695CF;
					};
					544ED652291AFE6A00A695CF = {
						CreatedOnToolsVersion = 14.0.1;
						TestTargetID = 544ED632291AFE6A00A695CF;
					};
				};
			};
			buildConfigurationList = 544ED62E291AFE6A00A695CF /* Build configuration list for PBXProject "CameraApp" */;
			compatibilityVersion = "Xcode 14.0";
			developmentRegion = en;
			hasScannedForEncodings = 0;
			knownRegions = (
				en,
				Base,
			);
			mainGroup = 544ED62A291AFE6A00A695CF;
			productRefGroup = 544ED634291AFE6A00A695CF /* Products */;
			projectDirPath = "";
			projectRoot = "";
			targets = (
				544ED632291AFE6A00A695CF /* CameraApp */,
				544ED648291AFE6A00A695CF /* CameraAppTests */,
				544ED652291AFE6A00A695CF /* CameraAppUITests */,
			);
		};
/* End PBXProject section */

/* Begin PBXResourcesBuildPhase section */
		544ED631291AFE6A00A695CF /* Resources */ = {
			isa = PBXResourcesBuildPhase;
			buildActionMask = 2147483647;
			files = (
				544ED643291AFE6A00A695CF /* LaunchScreen.storyboard in Resources */,
				544ED640291AFE6A00A695CF /* Assets.xcassets in Resources */,
				544ED63E291AFE6A00A695CF /* Main.storyboard in Resources */,
			);
			runOnlyForDeploymentPostprocessing = 0;
		};
		544ED647291AFE6A00A695CF /* Resources */ = {
			isa = PBXResourcesBuildPhase;
			buildActionMask = 2147483647;
			files = (
			);
			runOnlyForDeploymentPostprocessing = 0;
		};
		544ED651291AFE6A00A695CF /* Resources */ = {
			isa = PBXResourcesBuildPhase;
			buildActionMask = 2147483647;
			files = (
			);
			runOnlyForDeploymentPostprocessing = 0;
		};
/* End PBXResourcesBuildPhase section */

/* Begin PBXSourcesBuildPhase section */
		544ED62F291AFE6A00A695CF /* Sources */ = {
			isa = PBXSourcesBuildPhase;
			buildActionMask = 2147483647;
			files = (
				544ED668291B001B00A695CF /* Camera.swift in Sources */,
				544ED63B291AFE6A00A695CF /* ViewController.swift in Sources */,
				544ED637291AFE6A00A695CF /* AppDelegate.swift in Sources */,
				5421A85E291C556700709D9B /* GalleryViewController.swift in Sources */,
				5421A862291C626900709D9B /* MediaViewCell.swift in Sources */,
				544ED639291AFE6A00A695CF /* SceneDelegate.swift in Sources */,
				5492C83B291C463900C64F7B /* PlayerViewController.swift in Sources */,
			);
			runOnlyForDeploymentPostprocessing = 0;
		};
		544ED645291AFE6A00A695CF /* Sources */ = {
			isa = PBXSourcesBuildPhase;
			buildActionMask = 2147483647;
			files = (
				544ED64E291AFE6A00A695CF /* CameraAppTests.swift in Sources */,
			);
			runOnlyForDeploymentPostprocessing = 0;
		};
		544ED64F291AFE6A00A695CF /* Sources */ = {
			isa = PBXSourcesBuildPhase;
			buildActionMask = 2147483647;
			files = (
				544ED658291AFE6A00A695CF /* CameraAppUITests.swift in Sources */,
				544ED65A291AFE6A00A695CF /* CameraAppUITestsLaunchTests.swift in Sources */,
			);
			runOnlyForDeploymentPostprocessing = 0;
		};
/* End PBXSourcesBuildPhase section */

/* Begin PBXTargetDependency section */
		544ED64B291AFE6A00A695CF /* PBXTargetDependency */ = {
			isa = PBXTargetDependency;
			target = 544ED632291AFE6A00A695CF /* CameraApp */;
			targetProxy = 544ED64A291AFE6A00A695CF /* PBXContainerItemProxy */;
		};
		544ED655291AFE6A00A695CF /* PBXTargetDependency */ = {
			isa = PBXTargetDependency;
			target = 544ED632291AFE6A00A695CF /* CameraApp */;
			targetProxy = 544ED654291AFE6A00A695CF /* PBXContainerItemProxy */;
		};
/* End PBXTargetDependency section */

/* Begin PBXVariantGroup section */
		544ED63C291AFE6A00A695CF /* Main.storyboard */ = {
			isa = PBXVariantGroup;
			children = (
				544ED63D291AFE6A00A695CF /* Base */,
			);
			name = Main.storyboard;
			sourceTree = "<group>";
		};
		544ED641291AFE6A00A695CF /* LaunchScreen.storyboard */ = {
			isa = PBXVariantGroup;
			children = (
				544ED642291AFE6A00A695CF /* Base */,
			);
			name = LaunchScreen.storyboard;
			sourceTree = "<group>";
		};
/* End PBXVariantGroup section */

/* Begin XCBuildConfiguration section */
		544ED65B291AFE6A00A695CF /* Debug */ = {
			isa = XCBuildConfiguration;
			buildSettings = {
				ALWAYS_SEARCH_USER_PATHS = NO;
				CLANG_ANALYZER_NONNULL = YES;
				CLANG_ANALYZER_NUMBER_OBJECT_CONVERSION = YES_AGGRESSIVE;
				CLANG_CXX_LANGUAGE_STANDARD = "gnu++20";
				CLANG_ENABLE_MODULES = YES;
				CLANG_ENABLE_OBJC_ARC = YES;
				CLANG_ENABLE_OBJC_WEAK = YES;
				CLANG_WARN_BLOCK_CAPTURE_AUTORELEASING = YES;
				CLANG_WARN_BOOL_CONVERSION = YES;
				CLANG_WARN_COMMA = YES;
				CLANG_WARN_CONSTANT_CONVERSION = YES;
				CLANG_WARN_DEPRECATED_OBJC_IMPLEMENTATIONS = YES;
				CLANG_WARN_DIRECT_OBJC_ISA_USAGE = YES_ERROR;
				CLANG_WARN_DOCUMENTATION_COMMENTS = YES;
				CLANG_WARN_EMPTY_BODY = YES;
				CLANG_WARN_ENUM_CONVERSION = YES;
				CLANG_WARN_INFINITE_RECURSION = YES;
				CLANG_WARN_INT_CONVERSION = YES;
				CLANG_WARN_NON_LITERAL_NULL_CONVERSION = YES;
				CLANG_WARN_OBJC_IMPLICIT_RETAIN_SELF = YES;
				CLANG_WARN_OBJC_LITERAL_CONVERSION = YES;
				CLANG_WARN_OBJC_ROOT_CLASS = YES_ERROR;
				CLANG_WARN_QUOTED_INCLUDE_IN_FRAMEWORK_HEADER = YES;
				CLANG_WARN_RANGE_LOOP_ANALYSIS = YES;
				CLANG_WARN_STRICT_PROTOTYPES = YES;
				CLANG_WARN_SUSPICIOUS_MOVE = YES;
				CLANG_WARN_UNGUARDED_AVAILABILITY = YES_AGGRESSIVE;
				CLANG_WARN_UNREACHABLE_CODE = YES;
				CLANG_WARN__DUPLICATE_METHOD_MATCH = YES;
				COPY_PHASE_STRIP = NO;
				DEBUG_INFORMATION_FORMAT = dwarf;
				DEVELOPMENT_TEAM = VNU8KKW4GG;
				ENABLE_STRICT_OBJC_MSGSEND = YES;
				ENABLE_TESTABILITY = YES;
				GCC_C_LANGUAGE_STANDARD = gnu11;
				GCC_DYNAMIC_NO_PIC = NO;
				GCC_NO_COMMON_BLOCKS = YES;
				GCC_OPTIMIZATION_LEVEL = 0;
				GCC_PREPROCESSOR_DEFINITIONS = (
					"DEBUG=1",
					"$(inherited)",
				);
				GCC_WARN_64_TO_32_BIT_CONVERSION = YES;
				GCC_WARN_ABOUT_RETURN_TYPE = YES_ERROR;
				GCC_WARN_UNDECLARED_SELECTOR = YES;
				GCC_WARN_UNINITIALIZED_AUTOS = YES_AGGRESSIVE;
				GCC_WARN_UNUSED_FUNCTION = YES;
				GCC_WARN_UNUSED_VARIABLE = YES;
				IPHONEOS_DEPLOYMENT_TARGET = 16.0;
				MTL_ENABLE_DEBUG_INFO = INCLUDE_SOURCE;
				MTL_FAST_MATH = YES;
				ONLY_ACTIVE_ARCH = YES;
				SDKROOT = iphoneos;
				SWIFT_ACTIVE_COMPILATION_CONDITIONS = DEBUG;
				SWIFT_OPTIMIZATION_LEVEL = "-Onone";
			};
			name = Debug;
		};
		544ED65C291AFE6A00A695CF /* Release */ = {
			isa = XCBuildConfiguration;
			buildSettings = {
				ALWAYS_SEARCH_USER_PATHS = NO;
				CLANG_ANALYZER_NONNULL = YES;
				CLANG_ANALYZER_NUMBER_OBJECT_CONVERSION = YES_AGGRESSIVE;
				CLANG_CXX_LANGUAGE_STANDARD = "gnu++20";
				CLANG_ENABLE_MODULES = YES;
				CLANG_ENABLE_OBJC_ARC = YES;
				CLANG_ENABLE_OBJC_WEAK = YES;
				CLANG_WARN_BLOCK_CAPTURE_AUTORELEASING = YES;
				CLANG_WARN_BOOL_CONVERSION = YES;
				CLANG_WARN_COMMA = YES;
				CLANG_WARN_CONSTANT_CONVERSION = YES;
				CLANG_WARN_DEPRECATED_OBJC_IMPLEMENTATIONS = YES;
				CLANG_WARN_DIRECT_OBJC_ISA_USAGE = YES_ERROR;
				CLANG_WARN_DOCUMENTATION_COMMENTS = YES;
				CLANG_WARN_EMPTY_BODY = YES;
				CLANG_WARN_ENUM_CONVERSION = YES;
				CLANG_WARN_INFINITE_RECURSION = YES;
				CLANG_WARN_INT_CONVERSION = YES;
				CLANG_WARN_NON_LITERAL_NULL_CONVERSION = YES;
				CLANG_WARN_OBJC_IMPLICIT_RETAIN_SELF = YES;
				CLANG_WARN_OBJC_LITERAL_CONVERSION = YES;
				CLANG_WARN_OBJC_ROOT_CLASS = YES_ERROR;
				CLANG_WARN_QUOTED_INCLUDE_IN_FRAMEWORK_HEADER = YES;
				CLANG_WARN_RANGE_LOOP_ANALYSIS = YES;
				CLANG_WARN_STRICT_PROTOTYPES = YES;
				CLANG_WARN_SUSPICIOUS_MOVE = YES;
				CLANG_WARN_UNGUARDED_AVAILABILITY = YES_AGGRESSIVE;
				CLANG_WARN_UNREACHABLE_CODE = YES;
				CLANG_WARN__DUPLICATE_METHOD_MATCH = YES;
				COPY_PHASE_STRIP = NO;
				DEBUG_INFORMATION_FORMAT = "dwarf-with-dsym";
				DEVELOPMENT_TEAM = VNU8KKW4GG;
				ENABLE_NS_ASSERTIONS = NO;
				ENABLE_STRICT_OBJC_MSGSEND = YES;
				GCC_C_LANGUAGE_STANDARD = gnu11;
				GCC_NO_COMMON_BLOCKS = YES;
				GCC_WARN_64_TO_32_BIT_CONVERSION = YES;
				GCC_WARN_ABOUT_RETURN_TYPE = YES_ERROR;
				GCC_WARN_UNDECLARED_SELECTOR = YES;
				GCC_WARN_UNINITIALIZED_AUTOS = YES_AGGRESSIVE;
				GCC_WARN_UNUSED_FUNCTION = YES;
				GCC_WARN_UNUSED_VARIABLE = YES;
				IPHONEOS_DEPLOYMENT_TARGET = 16.0;
				MTL_ENABLE_DEBUG_INFO = NO;
				MTL_FAST_MATH = YES;
				SDKROOT = iphoneos;
				SWIFT_COMPILATION_MODE = wholemodule;
				SWIFT_OPTIMIZATION_LEVEL = "-O";
				VALIDATE_PRODUCT = YES;
			};
			name = Release;
		};
		544ED65E291AFE6A00A695CF /* Debug */ = {
			isa = XCBuildConfiguration;
			buildSettings = {
				ASSETCATALOG_COMPILER_APPICON_NAME = AppIcon;
				ASSETCATALOG_COMPILER_GLOBAL_ACCENT_COLOR_NAME = AccentColor;
				CODE_SIGN_IDENTITY = "Apple Development";
				CODE_SIGN_STYLE = Automatic;
				CURRENT_PROJECT_VERSION = 1;
				DEVELOPMENT_TEAM = VNU8KKW4GG;
				GENERATE_INFOPLIST_FILE = YES;
				INFOPLIST_FILE = CameraApp/Info.plist;
				INFOPLIST_KEY_NSCameraUsageDescription = "I need to see ya!!!";
				INFOPLIST_KEY_NSMicrophoneUsageDescription = "Please, let me hear you!";
				INFOPLIST_KEY_NSPhotoLibraryUsageDescription = "I wanna see ya";
				INFOPLIST_KEY_UIApplicationSupportsIndirectInputEvents = YES;
				INFOPLIST_KEY_UILaunchStoryboardName = LaunchScreen;
				INFOPLIST_KEY_UIMainStoryboardFile = Main;
				INFOPLIST_KEY_UISupportedInterfaceOrientations_iPad = "UIInterfaceOrientationPortrait UIInterfaceOrientationPortraitUpsideDown UIInterfaceOrientationLandscapeLeft UIInterfaceOrientationLandscapeRight";
				INFOPLIST_KEY_UISupportedInterfaceOrientations_iPhone = "UIInterfaceOrientationPortrait UIInterfaceOrientationLandscapeLeft UIInterfaceOrientationLandscapeRight";
				IPHONEOS_DEPLOYMENT_TARGET = 16.0;
				LD_RUNPATH_SEARCH_PATHS = (
					"$(inherited)",
					"@executable_path/Frameworks",
				);
				MARKETING_VERSION = 1.0;
				"OTHER_CODE_SIGN_FLAGS[sdk=*]" = "";
				PRODUCT_BUNDLE_IDENTIFIER = ua.edu.ukma.CameraApp;
				PRODUCT_NAME = "$(TARGET_NAME)";
				PROVISIONING_PROFILE_SPECIFIER = "";
				SWIFT_EMIT_LOC_STRINGS = YES;
				SWIFT_VERSION = 5.0;
				TARGETED_DEVICE_FAMILY = "1,2";
			};
			name = Debug;
		};
		544ED65F291AFE6A00A695CF /* Release */ = {
			isa = XCBuildConfiguration;
			buildSettings = {
				ASSETCATALOG_COMPILER_APPICON_NAME = AppIcon;
				ASSETCATALOG_COMPILER_GLOBAL_ACCENT_COLOR_NAME = AccentColor;
				CODE_SIGN_IDENTITY = "Apple Development";
				CODE_SIGN_STYLE = Automatic;
				CURRENT_PROJECT_VERSION = 1;
				DEVELOPMENT_TEAM = VNU8KKW4GG;
				GENERATE_INFOPLIST_FILE = YES;
				INFOPLIST_FILE = CameraApp/Info.plist;
				INFOPLIST_KEY_NSCameraUsageDescription = "I need to see ya!!!";
				INFOPLIST_KEY_NSMicrophoneUsageDescription = "Please, let me hear you!";
				INFOPLIST_KEY_NSPhotoLibraryUsageDescription = "I wanna see ya";
				INFOPLIST_KEY_UIApplicationSupportsIndirectInputEvents = YES;
				INFOPLIST_KEY_UILaunchStoryboardName = LaunchScreen;
				INFOPLIST_KEY_UIMainStoryboardFile = Main;
				INFOPLIST_KEY_UISupportedInterfaceOrientations_iPad = "UIInterfaceOrientationPortrait UIInterfaceOrientationPortraitUpsideDown UIInterfaceOrientationLandscapeLeft UIInterfaceOrientationLandscapeRight";
				INFOPLIST_KEY_UISupportedInterfaceOrientations_iPhone = "UIInterfaceOrientationPortrait UIInterfaceOrientationLandscapeLeft UIInterfaceOrientationLandscapeRight";
				IPHONEOS_DEPLOYMENT_TARGET = 16.0;
				LD_RUNPATH_SEARCH_PATHS = (
					"$(inherited)",
					"@executable_path/Frameworks",
				);
				MARKETING_VERSION = 1.0;
				PRODUCT_BUNDLE_IDENTIFIER = ua.edu.ukma.CameraApp;
				PRODUCT_NAME = "$(TARGET_NAME)";
				PROVISIONING_PROFILE_SPECIFIER = "";
				SWIFT_EMIT_LOC_STRINGS = YES;
				SWIFT_VERSION = 5.0;
				TARGETED_DEVICE_FAMILY = "1,2";
			};
			name = Release;
		};
		544ED661291AFE6A00A695CF /* Debug */ = {
			isa = XCBuildConfiguration;
			buildSettings = {
				ALWAYS_EMBED_SWIFT_STANDARD_LIBRARIES = YES;
				BUNDLE_LOADER = "$(TEST_HOST)";
				CODE_SIGN_STYLE = Automatic;
				CURRENT_PROJECT_VERSION = 1;
				GENERATE_INFOPLIST_FILE = YES;
				IPHONEOS_DEPLOYMENT_TARGET = 16.0;
				MARKETING_VERSION = 1.0;
				PRODUCT_BUNDLE_IDENTIFIER = ua.edu.ukma.CameraAppTests;
				PRODUCT_NAME = "$(TARGET_NAME)";
				SWIFT_EMIT_LOC_STRINGS = NO;
				SWIFT_VERSION = 5.0;
				TARGETED_DEVICE_FAMILY = "1,2";
				TEST_HOST = "$(BUILT_PRODUCTS_DIR)/CameraApp.app/$(BUNDLE_EXECUTABLE_FOLDER_PATH)/CameraApp";
			};
			name = Debug;
		};
		544ED662291AFE6A00A695CF /* Release */ = {
			isa = XCBuildConfiguration;
			buildSettings = {
				ALWAYS_EMBED_SWIFT_STANDARD_LIBRARIES = YES;
				BUNDLE_LOADER = "$(TEST_HOST)";
				CODE_SIGN_STYLE = Automatic;
				CURRENT_PROJECT_VERSION = 1;
				GENERATE_INFOPLIST_FILE = YES;
				IPHONEOS_DEPLOYMENT_TARGET = 16.0;
				MARKETING_VERSION = 1.0;
				PRODUCT_BUNDLE_IDENTIFIER = ua.edu.ukma.CameraAppTests;
				PRODUCT_NAME = "$(TARGET_NAME)";
				SWIFT_EMIT_LOC_STRINGS = NO;
				SWIFT_VERSION = 5.0;
				TARGETED_DEVICE_FAMILY = "1,2";
				TEST_HOST = "$(BUILT_PRODUCTS_DIR)/CameraApp.app/$(BUNDLE_EXECUTABLE_FOLDER_PATH)/CameraApp";
			};
			name = Release;
		};
		544ED664291AFE6A00A695CF /* Debug */ = {
			isa = XCBuildConfiguration;
			buildSettings = {
				ALWAYS_EMBED_SWIFT_STANDARD_LIBRARIES = YES;
				CODE_SIGN_STYLE = Automatic;
				CURRENT_PROJECT_VERSION = 1;
				GENERATE_INFOPLIST_FILE = YES;
				MARKETING_VERSION = 1.0;
				PRODUCT_BUNDLE_IDENTIFIER = ua.edu.ukma.CameraAppUITests;
				PRODUCT_NAME = "$(TARGET_NAME)";
				SWIFT_EMIT_LOC_STRINGS = NO;
				SWIFT_VERSION = 5.0;
				TARGETED_DEVICE_FAMILY = "1,2";
				TEST_TARGET_NAME = CameraApp;
			};
			name = Debug;
		};
		544ED665291AFE6A00A695CF /* Release */ = {
			isa = XCBuildConfiguration;
			buildSettings = {
				ALWAYS_EMBED_SWIFT_STANDARD_LIBRARIES = YES;
				CODE_SIGN_STYLE = Automatic;
				CURRENT_PROJECT_VERSION = 1;
				GENERATE_INFOPLIST_FILE = YES;
				MARKETING_VERSION = 1.0;
				PRODUCT_BUNDLE_IDENTIFIER = ua.edu.ukma.CameraAppUITests;
				PRODUCT_NAME = "$(TARGET_NAME)";
				SWIFT_EMIT_LOC_STRINGS = NO;
				SWIFT_VERSION = 5.0;
				TARGETED_DEVICE_FAMILY = "1,2";
				TEST_TARGET_NAME = CameraApp;
			};
			name = Release;
		};
/* End XCBuildConfiguration section */

/* Begin XCConfigurationList section */
		544ED62E291AFE6A00A695CF /* Build configuration list for PBXProject "CameraApp" */ = {
			isa = XCConfigurationList;
			buildConfigurations = (
				544ED65B291AFE6A00A695CF /* Debug */,
				544ED65C291AFE6A00A695CF /* Release */,
			);
			defaultConfigurationIsVisible = 0;
			defaultConfigurationName = Release;
		};
		544ED65D291AFE6A00A695CF /* Build configuration list for PBXNativeTarget "CameraApp" */ = {
			isa = XCConfigurationList;
			buildConfigurations = (
				544ED65E291AFE6A00A695CF /* Debug */,
				544ED65F291AFE6A00A695CF /* Release */,
			);
			defaultConfigurationIsVisible = 0;
			defaultConfigurationName = Release;
		};
		544ED660291AFE6A00A695CF /* Build configuration list for PBXNativeTarget "CameraAppTests" */ = {
			isa = XCConfigurationList;
			buildConfigurations = (
				544ED661291AFE6A00A695CF /* Debug */,
				544ED662291AFE6A00A695CF /* Release */,
			);
			defaultConfigurationIsVisible = 0;
			defaultConfigurationName = Release;
		};
		544ED663291AFE6A00A695CF /* Build configuration list for PBXNativeTarget "CameraAppUITests" */ = {
			isa = XCConfigurationList;
			buildConfigurations = (
				544ED664291AFE6A00A695CF /* Debug */,
				544ED665291AFE6A00A695CF /* Release */,
			);
			defaultConfigurationIsVisible = 0;
			defaultConfigurationName = Release;
		};
/* End XCConfigurationList section */
	};
	rootObject = 544ED62B291AFE6A00A695CF /* Project object */;
}
